hash: 08096d8de5ca6996387c822c0440aa97a1eb798668b402642eb2be0be9ee06f9
updated: 2018-02-10T02:45:38.843624253-05:00
imports:
- name: github.com/behance/go-cli
  version: 50c77ecec0068c9aef9d90ae0fd0fdf410041da3
- name: github.com/behance/go-common
  version: df5dbebd2fe89e1e2a13e128e74b4fd8e272a733
  subpackages:
  - kvwrapper
  - kvwrapper_etcd
  - log
- name: github.com/behance/go-logging
  version: ed77fb98a4032938046e44d0dc90e9ebb2989c3c
  subpackages:
  - formatters
  - log
- name: github.com/behance/go-logrus
  version: eb84da520d0bfecda7a9288107ec991b4ebcedb4
- name: github.com/codegangsta/negroni
  version: cc68f18cd7e1157c71811df1396496a9db0e997d
- name: github.com/go-stack/stack
  version: 7a2f19628aabfe68f0766b59e74d6315f8347d22
- name: github.com/huandu/xstrings
  version: 6c57c48c208279ab86160c78181871961c973c18
- name: github.com/inconshreveable/log15
  version: 39bacc234bf1afd0b68573e95b45871f67ba2cd4
  subpackages:
  - term
- name: github.com/mattn/go-colorable
  version: ded68f7a9561c023e790de24279db7ebf473ea80
- name: github.com/mattn/go-isatty
  version: fc9e8d8ef48496124e79ae0df75490096eccf6fe
- name: github.com/olebedev/emitter
  version: 68bb25b251f61cde3824cc316f238f0da1704331
- name: github.com/pkg/errors
  version: 645ef00459ed84a119197bfb8d8205042c6df63d
- name: github.com/Sirupsen/logrus
  version: 95cd2b9c79aa5e72ab0bc69b7ccc2be15bf850f6
- name: github.com/spf13/viper
  version: 4dddf7c62e16bce5807744018f5b753bfe21bbd2
- name: github.com/twinj/uuid
  version: 7bbe408d339787c56ec15568c947c0959db1b275
- name: golang.org/x/sys
  version: 8b4580aae2a0dd0c231a45d3ccb8434ff533b840
  subpackages:
  - unix
testImports:
- name: github.com/AlekSi/gocov-xml
  version: d2f6da892a0d5e0b587526abf51349ad654ade51
- name: github.com/axw/gocov
  version: 3a69a0d2a4ef1f263e2d92b041a69593d6964fe8
  subpackages:
  - gocov
- name: github.com/kisielk/godepgraph
  version: 054b8858b346441464f5f0a64e80dd4c7ec16379
- name: github.com/matm/gocov-html
  version: f6dd0fd0ebc7c8cff8b24c0a585caeef250627a3
- name: github.com/mattn/goveralls
  version: b71a1e4855f87991aff01c2c833a75a07059c61c
- name: github.com/modocache/gover
  version: b58185e213c533169f76aa366e6c68fe56f2881b
- name: github.com/onsi/ginkgo
  version: 38caab951a9ff39f0e61294a1dbaaa074a39228b
  subpackages:
  - config
  - internal/codelocation
  - internal/containernode
  - internal/failer
  - internal/leafnodes
  - internal/remote
  - internal/spec
  - internal/specrunner
  - internal/suite
  - internal/testingtproxy
  - internal/writer
  - reporters
  - reporters/stenographer
  - types
- name: github.com/onsi/gomega
  version: 8adf9e1730c55cdc590de7d49766cb2acc88d8f2
  subpackages:
  - format
  - internal/assertion
  - internal/asyncassertion
  - internal/testingtsupport
  - matchers
  - matchers/support/goraph/bipartitegraph
  - matchers/support/goraph/edge
  - matchers/support/goraph/node
  - matchers/support/goraph/util
  - types
