hash: 276cbc3a1154278f94f0f684d231c45c2ff993179bc2ca87a8cc4846bac83e1f
updated: 2017-12-23T13:11:04.964770706-05:00
imports:
- name: github.com/behance/go-logging
  version: ed77fb98a4032938046e44d0dc90e9ebb2989c3c
  subpackages:
  - formatters
  - log
- name: github.com/behance/go-logrus
  version: eb84da520d0bfecda7a9288107ec991b4ebcedb4
- name: github.com/codegangsta/negroni
  version: cc68f18cd7e1157c71811df1396496a9db0e997d
- name: github.com/Sirupsen/logrus
  version: 95cd2b9c79aa5e72ab0bc69b7ccc2be15bf850f6
- name: github.com/spf13/viper
  version: 4dddf7c62e16bce5807744018f5b753bfe21bbd2
- name: github.com/twinj/uuid
  version: 7bbe408d339787c56ec15568c947c0959db1b275
- name: golang.org/x/crypto
  version: 94eea52f7b742c7cbe0b03b22f0c4c8631ece122
  subpackages:
  - ssh/terminal
- name: golang.org/x/sys
  version: 8b4580aae2a0dd0c231a45d3ccb8434ff533b840
  subpackages:
  - unix
  - windows
testImports:
- name: github.com/AlekSi/gocov-xml
  version: d2f6da892a0d5e0b587526abf51349ad654ade51
- name: github.com/axw/gocov
  version: 3a69a0d2a4ef1f263e2d92b041a69593d6964fe8
  subpackages:
  - gocov
- name: github.com/kisielk/godepgraph
  version: 054b8858b346441464f5f0a64e80dd4c7ec16379
- name: github.com/matm/gocov-html
  version: f6dd0fd0ebc7c8cff8b24c0a585caeef250627a3
- name: github.com/mattn/goveralls
  version: b71a1e4855f87991aff01c2c833a75a07059c61c
- name: github.com/modocache/gover
  version: b58185e213c533169f76aa366e6c68fe56f2881b
- name: github.com/onsi/ginkgo
  version: 77a8c1e5c40d6bb6c5eb4dd4bdce9763564f6298
  subpackages:
  - config
  - internal/codelocation
  - internal/containernode
  - internal/failer
  - internal/leafnodes
  - internal/remote
  - internal/spec
  - internal/spec_iterator
  - internal/specrunner
  - internal/suite
  - internal/testingtproxy
  - internal/writer
  - reporters
  - reporters/stenographer
  - reporters/stenographer/support/go-colorable
  - reporters/stenographer/support/go-isatty
  - types
- name: github.com/onsi/gomega
  version: 334b8f472b3af5d541c5642701c1e29e2126f486
  subpackages:
  - format
  - internal/assertion
  - internal/asyncassertion
  - internal/oraclematcher
  - internal/testingtsupport
  - matchers
  - matchers/support/goraph/bipartitegraph
  - matchers/support/goraph/edge
  - matchers/support/goraph/node
  - matchers/support/goraph/util
  - types
- name: gopkg.in/yaml.v2
  version: 287cf08546ab5e7e37d55a84f7ed3fd1db036de5
